// !$*UTF8*$!
{
	archiveVersion = 1;
	classes = {
	};
	objectVersion = 46;
	objects = {

/* Begin PBXBuildFile section */
		74F0110F191B0E7100E93C54 /* Foundation.framework in Frameworks */ = {isa = PBXBuildFile; fileRef = 74F0110E191B0E7100E93C54 /* Foundation.framework */; };
		74F01111191B0E7100E93C54 /* CoreGraphics.framework in Frameworks */ = {isa = PBXBuildFile; fileRef = 74F01110191B0E7100E93C54 /* CoreGraphics.framework */; };
		74F01113191B0E7100E93C54 /* UIKit.framework in Frameworks */ = {isa = PBXBuildFile; fileRef = 74F01112191B0E7100E93C54 /* UIKit.framework */; };
		74F01119191B0E7100E93C54 /* InfoPlist.strings in Resources */ = {isa = PBXBuildFile; fileRef = 74F01117191B0E7100E93C54 /* InfoPlist.strings */; };
		74F0111B191B0E7100E93C54 /* main.m in Sources */ = {isa = PBXBuildFile; fileRef = 74F0111A191B0E7100E93C54 /* main.m */; };
		74F0111F191B0E7100E93C54 /* TTTAppDelegate.m in Sources */ = {isa = PBXBuildFile; fileRef = 74F0111E191B0E7100E93C54 /* TTTAppDelegate.m */; };
		74F01122191B0E7100E93C54 /* Main_iPhone.storyboard in Resources */ = {isa = PBXBuildFile; fileRef = 74F01120191B0E7100E93C54 /* Main_iPhone.storyboard */; };
		74F01125191B0E7100E93C54 /* Main_iPad.storyboard in Resources */ = {isa = PBXBuildFile; fileRef = 74F01123191B0E7100E93C54 /* Main_iPad.storyboard */; };
		74F01128191B0E7100E93C54 /* TTTViewController.m in Sources */ = {isa = PBXBuildFile; fileRef = 74F01127191B0E7100E93C54 /* TTTViewController.m */; };
		74F0112A191B0E7100E93C54 /* Images.xcassets in Resources */ = {isa = PBXBuildFile; fileRef = 74F01129191B0E7100E93C54 /* Images.xcassets */; };
		74F01131191B0E7100E93C54 /* XCTest.framework in Frameworks */ = {isa = PBXBuildFile; fileRef = 74F01130191B0E7100E93C54 /* XCTest.framework */; };
		74F01132191B0E7100E93C54 /* Foundation.framework in Frameworks */ = {isa = PBXBuildFile; fileRef = 74F0110E191B0E7100E93C54 /* Foundation.framework */; };
		74F01133191B0E7100E93C54 /* UIKit.framework in Frameworks */ = {isa = PBXBuildFile; fileRef = 74F01112191B0E7100E93C54 /* UIKit.framework */; };
		74F0113B191B0E7100E93C54 /* InfoPlist.strings in Resources */ = {isa = PBXBuildFile; fileRef = 74F01139191B0E7100E93C54 /* InfoPlist.strings */; };
		74F0113D191B0E7100E93C54 /* TTTTests.m in Sources */ = {isa = PBXBuildFile; fileRef = 74F0113C191B0E7100E93C54 /* TTTTests.m */; };
/* End PBXBuildFile section */

/* Begin PBXContainerItemProxy section */
		74F01134191B0E7100E93C54 /* PBXContainerItemProxy */ = {
			isa = PBXContainerItemProxy;
			containerPortal = 74F01103191B0E7100E93C54 /* Project object */;
			proxyType = 1;
			remoteGlobalIDString = 74F0110A191B0E7100E93C54;
			remoteInfo = TTT;
		};
/* End PBXContainerItemProxy section */

/* Begin PBXFileReference section */
		74F0110B191B0E7100E93C54 /* TTT.app */ = {isa = PBXFileReference; explicitFileType = wrapper.application; includeInIndex = 0; path = TTT.app; sourceTree = BUILT_PRODUCTS_DIR; };
		74F0110E191B0E7100E93C54 /* Foundation.framework */ = {isa = PBXFileReference; lastKnownFileType = wrapper.framework; name = Foundation.framework; path = System/Library/Frameworks/Foundation.framework; sourceTree = SDKROOT; };
		74F01110191B0E7100E93C54 /* CoreGraphics.framework */ = {isa = PBXFileReference; lastKnownFileType = wrapper.framework; name = CoreGraphics.framework; path = System/Library/Frameworks/CoreGraphics.framework; sourceTree = SDKROOT; };
		74F01112191B0E7100E93C54 /* UIKit.framework */ = {isa = PBXFileReference; lastKnownFileType = wrapper.framework; name = UIKit.framework; path = System/Library/Frameworks/UIKit.framework; sourceTree = SDKROOT; };
		74F01116191B0E7100E93C54 /* TTT-Info.plist */ = {isa = PBXFileReference; lastKnownFileType = text.plist.xml; path = "TTT-Info.plist"; sourceTree = "<group>"; };
		74F01118191B0E7100E93C54 /* en */ = {isa = PBXFileReference; lastKnownFileType = text.plist.strings; name = en; path = en.lproj/InfoPlist.strings; sourceTree = "<group>"; };
		74F0111A191B0E7100E93C54 /* main.m */ = {isa = PBXFileReference; lastKnownFileType = sourcecode.c.objc; path = main.m; sourceTree = "<group>"; };
		74F0111C191B0E7100E93C54 /* TTT-Prefix.pch */ = {isa = PBXFileReference; lastKnownFileType = sourcecode.c.h; path = "TTT-Prefix.pch"; sourceTree = "<group>"; };
		74F0111D191B0E7100E93C54 /* TTTAppDelegate.h */ = {isa = PBXFileReference; lastKnownFileType = sourcecode.c.h; path = TTTAppDelegate.h; sourceTree = "<group>"; };
		74F0111E191B0E7100E93C54 /* TTTAppDelegate.m */ = {isa = PBXFileReference; lastKnownFileType = sourcecode.c.objc; path = TTTAppDelegate.m; sourceTree = "<group>"; };
		74F01121191B0E7100E93C54 /* Base */ = {isa = PBXFileReference; lastKnownFileType = file.storyboard; name = Base; path = Base.lproj/Main_iPhone.storyboard; sourceTree = "<group>"; };
		74F01124191B0E7100E93C54 /* Base */ = {isa = PBXFileReference; lastKnownFileType = file.storyboard; name = Base; path = Base.lproj/Main_iPad.storyboard; sourceTree = "<group>"; };
		74F01126191B0E7100E93C54 /* TTTViewController.h */ = {isa = PBXFileReference; lastKnownFileType = sourcecode.c.h; path = TTTViewController.h; sourceTree = "<group>"; };
		74F01127191B0E7100E93C54 /* TTTViewController.m */ = {isa = PBXFileReference; lastKnownFileType = sourcecode.c.objc; path = TTTViewController.m; sourceTree = "<group>"; };
		74F01129191B0E7100E93C54 /* Images.xcassets */ = {isa = PBXFileReference; lastKnownFileType = folder.assetcatalog; path = Images.xcassets; sourceTree = "<group>"; };
		74F0112F191B0E7100E93C54 /* TTTTests.xctest */ = {isa = PBXFileReference; explicitFileType = wrapper.cfbundle; includeInIndex = 0; path = TTTTests.xctest; sourceTree = BUILT_PRODUCTS_DIR; };
		74F01130191B0E7100E93C54 /* XCTest.framework */ = {isa = PBXFileReference; lastKnownFileType = wrapper.framework; name = XCTest.framework; path = Library/Frameworks/XCTest.framework; sourceTree = DEVELOPER_DIR; };
		74F01138191B0E7100E93C54 /* TTTTests-Info.plist */ = {isa = PBXFileReference; lastKnownFileType = text.plist.xml; path = "TTTTests-Info.plist"; sourceTree = "<group>"; };
		74F0113A191B0E7100E93C54 /* en */ = {isa = PBXFileReference; lastKnownFileType = text.plist.strings; name = en; path = en.lproj/InfoPlist.strings; sourceTree = "<group>"; };
		74F0113C191B0E7100E93C54 /* TTTTests.m */ = {isa = PBXFileReference; lastKnownFileType = sourcecode.c.objc; path = TTTTests.m; sourceTree = "<group>"; };
/* End PBXFileReference section */

/* Begin PBXFrameworksBuildPhase section */
		74F01108191B0E7100E93C54 /* Frameworks */ = {
			isa = PBXFrameworksBuildPhase;
			buildActionMask = 2147483647;
			files = (
				74F01111191B0E7100E93C54 /* CoreGraphics.framework in Frameworks */,
				74F01113191B0E7100E93C54 /* UIKit.framework in Frameworks */,
				74F0110F191B0E7100E93C54 /* Foundation.framework in Frameworks */,
			);
			runOnlyForDeploymentPostprocessing = 0;
		};
		74F0112C191B0E7100E93C54 /* Frameworks */ = {
			isa = PBXFrameworksBuildPhase;
			buildActionMask = 2147483647;
			files = (
				74F01131191B0E7100E93C54 /* XCTest.framework in Frameworks */,
				74F01133191B0E7100E93C54 /* UIKit.framework in Frameworks */,
				74F01132191B0E7100E93C54 /* Foundation.framework in Frameworks */,
			);
			runOnlyForDeploymentPostprocessing = 0;
		};
/* End PBXFrameworksBuildPhase section */

/* Begin PBXGroup section */
		74F01102191B0E7100E93C54 = {
			isa = PBXGroup;
			children = (
				74F01114191B0E7100E93C54 /* TTT */,
				74F01136191B0E7100E93C54 /* TTTTests */,
				74F0110D191B0E7100E93C54 /* Frameworks */,
				74F0110C191B0E7100E93C54 /* Products */,
			);
			sourceTree = "<group>";
		};
		74F0110C191B0E7100E93C54 /* Products */ = {
			isa = PBXGroup;
			children = (
				74F0110B191B0E7100E93C54 /* TTT.app */,
				74F0112F191B0E7100E93C54 /* TTTTests.xctest */,
			);
			name = Products;
			sourceTree = "<group>";
		};
		74F0110D191B0E7100E93C54 /* Frameworks */ = {
			isa = PBXGroup;
			children = (
				74F0110E191B0E7100E93C54 /* Foundation.framework */,
				74F01110191B0E7100E93C54 /* CoreGraphics.framework */,
				74F01112191B0E7100E93C54 /* UIKit.framework */,
				74F01130191B0E7100E93C54 /* XCTest.framework */,
			);
			name = Frameworks;
			sourceTree = "<group>";
		};
		74F01114191B0E7100E93C54 /* TTT */ = {
			isa = PBXGroup;
			children = (
				74F0111D191B0E7100E93C54 /* TTTAppDelegate.h */,
				74F0111E191B0E7100E93C54 /* TTTAppDelegate.m */,
				74F01120191B0E7100E93C54 /* Main_iPhone.storyboard */,
				74F01123191B0E7100E93C54 /* Main_iPad.storyboard */,
				74F01126191B0E7100E93C54 /* TTTViewController.h */,
				74F01127191B0E7100E93C54 /* TTTViewController.m */,
				74F01129191B0E7100E93C54 /* Images.xcassets */,
				74F01115191B0E7100E93C54 /* Supporting Files */,
			);
			path = TTT;
			sourceTree = "<group>";
		};
		74F01115191B0E7100E93C54 /* Supporting Files */ = {
			isa = PBXGroup;
			children = (
				74F01116191B0E7100E93C54 /* TTT-Info.plist */,
				74F01117191B0E7100E93C54 /* InfoPlist.strings */,
				74F0111A191B0E7100E93C54 /* main.m */,
				74F0111C191B0E7100E93C54 /* TTT-Prefix.pch */,
			);
			name = "Supporting Files";
			sourceTree = "<group>";
		};
		74F01136191B0E7100E93C54 /* TTTTests */ = {
			isa = PBXGroup;
			children = (
				74F0113C191B0E7100E93C54 /* TTTTests.m */,
				74F01137191B0E7100E93C54 /* Supporting Files */,
			);
			path = TTTTests;
			sourceTree = "<group>";
		};
		74F01137191B0E7100E93C54 /* Supporting Files */ = {
			isa = PBXGroup;
			children = (
				74F01138191B0E7100E93C54 /* TTTTests-Info.plist */,
				74F01139191B0E7100E93C54 /* InfoPlist.strings */,
			);
			name = "Supporting Files";
			sourceTree = "<group>";
		};
/* End PBXGroup section */

/* Begin PBXNativeTarget section */
		74F0110A191B0E7100E93C54 /* TTT */ = {
			isa = PBXNativeTarget;
			buildConfigurationList = 74F01140191B0E7100E93C54 /* Build configuration list for PBXNativeTarget "TTT" */;
			buildPhases = (
				74F01107191B0E7100E93C54 /* Sources */,
				74F01108191B0E7100E93C54 /* Frameworks */,
				74F01109191B0E7100E93C54 /* Resources */,
			);
			buildRules = (
			);
			dependencies = (
			);
			name = TTT;
			productName = TTT;
			productReference = 74F0110B191B0E7100E93C54 /* TTT.app */;
			productType = "com.apple.product-type.application";
		};
		74F0112E191B0E7100E93C54 /* TTTTests */ = {
			isa = PBXNativeTarget;
			buildConfigurationList = 74F01143191B0E7100E93C54 /* Build configuration list for PBXNativeTarget "TTTTests" */;
			buildPhases = (
				74F0112B191B0E7100E93C54 /* Sources */,
				74F0112C191B0E7100E93C54 /* Frameworks */,
				74F0112D191B0E7100E93C54 /* Resources */,
			);
			buildRules = (
			);
			dependencies = (
				74F01135191B0E7100E93C54 /* PBXTargetDependency */,
			);
			name = TTTTests;
			productName = TTTTests;
			productReference = 74F0112F191B0E7100E93C54 /* TTTTests.xctest */;
			productType = "com.apple.product-type.bundle.unit-test";
		};
/* End PBXNativeTarget section */

/* Begin PBXProject section */
		74F01103191B0E7100E93C54 /* Project object */ = {
			isa = PBXProject;
			attributes = {
				CLASSPREFIX = TTT;
				LastUpgradeCheck = 0510;
				ORGANIZATIONNAME = wat;
				TargetAttributes = {
					74F0112E191B0E7100E93C54 = {
						TestTargetID = 74F0110A191B0E7100E93C54;
					};
				};
			};
			buildConfigurationList = 74F01106191B0E7100E93C54 /* Build configuration list for PBXProject "TTT" */;
			compatibilityVersion = "Xcode 3.2";
			developmentRegion = English;
			hasScannedForEncodings = 0;
			knownRegions = (
				en,
				Base,
			);
			mainGroup = 74F01102191B0E7100E93C54;
			productRefGroup = 74F0110C191B0E7100E93C54 /* Products */;
			projectDirPath = "";
			projectRoot = "";
			targets = (
				74F0110A191B0E7100E93C54 /* TTT */,
				74F0112E191B0E7100E93C54 /* TTTTests */,
			);
		};
/* End PBXProject section */

/* Begin PBXResourcesBuildPhase section */
		74F01109191B0E7100E93C54 /* Resources */ = {
			isa = PBXResourcesBuildPhase;
			buildActionMask = 2147483647;
			files = (
				74F01125191B0E7100E93C54 /* Main_iPad.storyboard in Resources */,
				74F0112A191B0E7100E93C54 /* Images.xcassets in Resources */,
				74F01122191B0E7100E93C54 /* Main_iPhone.storyboard in Resources */,
				74F01119191B0E7100E93C54 /* InfoPlist.strings in Resources */,
			);
			runOnlyForDeploymentPostprocessing = 0;
		};
		74F0112D191B0E7100E93C54 /* Resources */ = {
			isa = PBXResourcesBuildPhase;
			buildActionMask = 2147483647;
			files = (
				74F0113B191B0E7100E93C54 /* InfoPlist.strings in Resources */,
			);
			runOnlyForDeploymentPostprocessing = 0;
		};
/* End PBXResourcesBuildPhase section */

/* Begin PBXSourcesBuildPhase section */
		74F01107191B0E7100E93C54 /* Sources */ = {
			isa = PBXSourcesBuildPhase;
			buildActionMask = 2147483647;
			files = (
				74F01128191B0E7100E93C54 /* TTTViewController.m in Sources */,
				74F0111B191B0E7100E93C54 /* main.m in Sources */,
				74F0111F191B0E7100E93C54 /* TTTAppDelegate.m in Sources */,
			);
			runOnlyForDeploymentPostprocessing = 0;
		};
		74F0112B191B0E7100E93C54 /* Sources */ = {
			isa = PBXSourcesBuildPhase;
			buildActionMask = 2147483647;
			files = (
				74F0113D191B0E7100E93C54 /* TTTTests.m in Sources */,
			);
			runOnlyForDeploymentPostprocessing = 0;
		};
/* End PBXSourcesBuildPhase section */

/* Begin PBXTargetDependency section */
		74F01135191B0E7100E93C54 /* PBXTargetDependency */ = {
			isa = PBXTargetDependency;
			target = 74F0110A191B0E7100E93C54 /* TTT */;
			targetProxy = 74F01134191B0E7100E93C54 /* PBXContainerItemProxy */;
		};
/* End PBXTargetDependency section */

/* Begin PBXVariantGroup section */
		74F01117191B0E7100E93C54 /* InfoPlist.strings */ = {
			isa = PBXVariantGroup;
			children = (
				74F01118191B0E7100E93C54 /* en */,
			);
			name = InfoPlist.strings;
			sourceTree = "<group>";
		};
		74F01120191B0E7100E93C54 /* Main_iPhone.storyboard */ = {
			isa = PBXVariantGroup;
			children = (
				74F01121191B0E7100E93C54 /* Base */,
			);
			name = Main_iPhone.storyboard;
			sourceTree = "<group>";
		};
		74F01123191B0E7100E93C54 /* Main_iPad.storyboard */ = {
			isa = PBXVariantGroup;
			children = (
				74F01124191B0E7100E93C54 /* Base */,
			);
			name = Main_iPad.storyboard;
			sourceTree = "<group>";
		};
		74F01139191B0E7100E93C54 /* InfoPlist.strings */ = {
			isa = PBXVariantGroup;
			children = (
				74F0113A191B0E7100E93C54 /* en */,
			);
			name = InfoPlist.strings;
			sourceTree = "<group>";
		};
/* End PBXVariantGroup section */

/* Begin XCBuildConfiguration section */
		74F0113E191B0E7100E93C54 /* Debug */ = {
			isa = XCBuildConfiguration;
			buildSettings = {
				ALWAYS_SEARCH_USER_PATHS = NO;
				CLANG_CXX_LANGUAGE_STANDARD = "gnu++0x";
				CLANG_CXX_LIBRARY = "libc++";
				CLANG_ENABLE_MODULES = YES;
				CLANG_ENABLE_OBJC_ARC = YES;
				CLANG_WARN_BOOL_CONVERSION = YES;
				CLANG_WARN_CONSTANT_CONVERSION = YES;
				CLANG_WARN_DIRECT_OBJC_ISA_USAGE = YES_ERROR;
				CLANG_WARN_EMPTY_BODY = YES;
				CLANG_WARN_ENUM_CONVERSION = YES;
				CLANG_WARN_INT_CONVERSION = YES;
				CLANG_WARN_OBJC_ROOT_CLASS = YES_ERROR;
				CLANG_WARN__DUPLICATE_METHOD_MATCH = YES;
				"CODE_SIGN_IDENTITY[sdk=iphoneos*]" = "iPhone Developer";
				COPY_PHASE_STRIP = NO;
				GCC_C_LANGUAGE_STANDARD = gnu99;
				GCC_DYNAMIC_NO_PIC = NO;
				GCC_OPTIMIZATION_LEVEL = 0;
				GCC_PREPROCESSOR_DEFINITIONS = (
					"DEBUG=1",
					"$(inherited)",
				);
				GCC_SYMBOLS_PRIVATE_EXTERN = NO;
				GCC_WARN_64_TO_32_BIT_CONVERSION = YES;
				GCC_WARN_ABOUT_RETURN_TYPE = YES_ERROR;
				GCC_WARN_UNDECLARED_SELECTOR = YES;
				GCC_WARN_UNINITIALIZED_AUTOS = YES_AGGRESSIVE;
				GCC_WARN_UNUSED_FUNCTION = YES;
				GCC_WARN_UNUSED_VARIABLE = YES;
				IPHONEOS_DEPLOYMENT_TARGET = 7.1;
				ONLY_ACTIVE_ARCH = YES;
				SDKROOT = iphoneos;
				TARGETED_DEVICE_FAMILY = "1,2";
			};
			name = Debug;
		};
		74F0113F191B0E7100E93C54 /* Release */ = {
			isa = XCBuildConfiguration;
			buildSettings = {
				ALWAYS_SEARCH_USER_PATHS = NO;
				CLANG_CXX_LANGUAGE_STANDARD = "gnu++0x";
				CLANG_CXX_LIBRARY = "libc++";
				CLANG_ENABLE_MODULES = YES;
				CLANG_ENABLE_OBJC_ARC = YES;
				CLANG_WARN_BOOL_CONVERSION = YES;
				CLANG_WARN_CONSTANT_CONVERSION = YES;
				CLANG_WARN_DIRECT_OBJC_ISA_USAGE = YES_ERROR;
				CLANG_WARN_EMPTY_BODY = YES;
				CLANG_WARN_ENUM_CONVERSION = YES;
				CLANG_WARN_INT_CONVERSION = YES;
				CLANG_WARN_OBJC_ROOT_CLASS = YES_ERROR;
				CLANG_WARN__DUPLICATE_METHOD_MATCH = YES;
				"CODE_SIGN_IDENTITY[sdk=iphoneos*]" = "iPhone Developer";
				COPY_PHASE_STRIP = YES;
				ENABLE_NS_ASSERTIONS = NO;
				GCC_C_LANGUAGE_STANDARD = gnu99;
				GCC_WARN_64_TO_32_BIT_CONVERSION = YES;
				GCC_WARN_ABOUT_RETURN_TYPE = YES_ERROR;
				GCC_WARN_UNDECLARED_SELECTOR = YES;
				GCC_WARN_UNINITIALIZED_AUTOS = YES_AGGRESSIVE;
				GCC_WARN_UNUSED_FUNCTION = YES;
				GCC_WARN_UNUSED_VARIABLE = YES;
				IPHONEOS_DEPLOYMENT_TARGET = 7.1;
				SDKROOT = iphoneos;
				TARGETED_DEVICE_FAMILY = "1,2";
				VALIDATE_PRODUCT = YES;
			};
			name = Release;
		};
		74F01141191B0E7100E93C54 /* Debug */ = {
			isa = XCBuildConfiguration;
			buildSettings = {
				ASSETCATALOG_COMPILER_APPICON_NAME = AppIcon;
				ASSETCATALOG_COMPILER_LAUNCHIMAGE_NAME = LaunchImage;
				GCC_PRECOMPILE_PREFIX_HEADER = YES;
				GCC_PREFIX_HEADER = "TTT/TTT-Prefix.pch";
				INFOPLIST_FILE = "TTT/TTT-Info.plist";
				PRODUCT_NAME = "$(TARGET_NAME)";
				WRAPPER_EXTENSION = app;
			};
			name = Debug;
		};
		74F01142191B0E7100E93C54 /* Release */ = {
			isa = XCBuildConfiguration;
			buildSettings = {
				ASSETCATALOG_COMPILER_APPICON_NAME = AppIcon;
				ASSETCATALOG_COMPILER_LAUNCHIMAGE_NAME = LaunchImage;
				GCC_PRECOMPILE_PREFIX_HEADER = YES;
				GCC_PREFIX_HEADER = "TTT/TTT-Prefix.pch";
				INFOPLIST_FILE = "TTT/TTT-Info.plist";
				PRODUCT_NAME = "$(TARGET_NAME)";
				WRAPPER_EXTENSION = app;
			};
			name = Release;
		};
		74F01144191B0E7100E93C54 /* Debug */ = {
			isa = XCBuildConfiguration;
			buildSettings = {
				BUNDLE_LOADER = "$(BUILT_PRODUCTS_DIR)/TTT.app/TTT";
				FRAMEWORK_SEARCH_PATHS = (
					"$(SDKROOT)/Developer/Library/Frameworks",
					"$(inherited)",
					"$(DEVELOPER_FRAMEWORKS_DIR)",
				);
				GCC_PRECOMPILE_PREFIX_HEADER = YES;
				GCC_PREFIX_HEADER = "TTT/TTT-Prefix.pch";
				GCC_PREPROCESSOR_DEFINITIONS = (
					"DEBUG=1",
					"$(inherited)",
				);
				INFOPLIST_FILE = "TTTTests/TTTTests-Info.plist";
				PRODUCT_NAME = "$(TARGET_NAME)";
				TEST_HOST = "$(BUNDLE_LOADER)";
				WRAPPER_EXTENSION = xctest;
			};
			name = Debug;
		};
		74F01145191B0E7100E93C54 /* Release */ = {
			isa = XCBuildConfiguration;
			buildSettings = {
				BUNDLE_LOADER = "$(BUILT_PRODUCTS_DIR)/TTT.app/TTT";
				FRAMEWORK_SEARCH_PATHS = (
					"$(SDKROOT)/Developer/Library/Frameworks",
					"$(inherited)",
					"$(DEVELOPER_FRAMEWORKS_DIR)",
				);
				GCC_PRECOMPILE_PREFIX_HEADER = YES;
				GCC_PREFIX_HEADER = "TTT/TTT-Prefix.pch";
				INFOPLIST_FILE = "TTTTests/TTTTests-Info.plist";
				PRODUCT_NAME = "$(TARGET_NAME)";
				TEST_HOST = "$(BUNDLE_LOADER)";
				WRAPPER_EXTENSION = xctest;
			};
			name = Release;
		};
/* End XCBuildConfiguration section */

/* Begin XCConfigurationList section */
		74F01106191B0E7100E93C54 /* Build configuration list for PBXProject "TTT" */ = {
			isa = XCConfigurationList;
			buildConfigurations = (
				74F0113E191B0E7100E93C54 /* Debug */,
				74F0113F191B0E7100E93C54 /* Release */,
			);
			defaultConfigurationIsVisible = 0;
			defaultConfigurationName = Release;
		};
		74F01140191B0E7100E93C54 /* Build configuration list for PBXNativeTarget "TTT" */ = {
			isa = XCConfigurationList;
			buildConfigurations = (
				74F01141191B0E7100E93C54 /* Debug */,
				74F01142191B0E7100E93C54 /* Release */,
			);
			defaultConfigurationIsVisible = 0;
		};
		74F01143191B0E7100E93C54 /* Build configuration list for PBXNativeTarget "TTTTests" */ = {
			isa = XCConfigurationList;
			buildConfigurations = (
				74F01144191B0E7100E93C54 /* Debug */,
				74F01145191B0E7100E93C54 /* Release */,
			);
			defaultConfigurationIsVisible = 0;
		};
/* End XCConfigurationList section */
	};
	rootObject = 74F01103191B0E7100E93C54 /* Project object */;
}
